
Microsoft Visual Studio Solution File, Format Version 12.00
# Visual Studio Version 17
VisualStudioVersion = 17.4.33213.308
MinimumVisualStudioVersion = 10.0.40219.1
Project("{9A19103F-16F7-4668-BE54-9A1E7A4F7556}") = "Chorify.Backend", "Chorify.Backend\Chorify.Backend.csproj", "{52946D04-CC69-4375-A399-6A346933B8CC}"
EndProject
Project("{9A19103F-16F7-4668-BE54-9A1E7A4F7556}") = "Chorify.Domain", "Chorify.Domain\Chorify.Domain.csproj", "{4FA39EDB-DF38-40D5-95D7-6BAE0C8ADBCE}"
EndProject
Project("{9A19103F-16F7-4668-BE54-9A1E7A4F7556}") = "Chorify.EntityFramework", "Chorify.EntityFramework\Chorify.EntityFramework.csproj", "{7DE3763F-8241-4B54-810B-0C667BDB7C1D}"
EndProject
Project("{9A19103F-16F7-4668-BE54-9A1E7A4F7556}") = "Chorify.Services.Interfaces", "Chorify.Services.Interfaces\Chorify.Services.Interfaces.csproj", "{52007241-A67F-4BD0-9BDF-4E9E7005A8E2}"
EndProject
Project("{54A90642-561A-4BB1-A94E-469ADEE60C69}") = "Chorify.Frontend", "Chorify.Frontend\Chorify.Frontend.esproj", "{294BEB6D-00B6-46CB-BE70-2672052C4993}"
EndProject
Global
	GlobalSection(SolutionConfigurationPlatforms) = preSolution
		Debug|Any CPU = Debug|Any CPU
		Release|Any CPU = Release|Any CPU
	EndGlobalSection
	GlobalSection(ProjectConfigurationPlatforms) = postSolution
		{52946D04-CC69-4375-A399-6A346933B8CC}.Debug|Any CPU.ActiveCfg = Debug|Any CPU
		{52946D04-CC69-4375-A399-6A346933B8CC}.Debug|Any CPU.Build.0 = Debug|Any CPU
		{52946D04-CC69-4375-A399-6A346933B8CC}.Release|Any CPU.ActiveCfg = Release|Any CPU
		{52946D04-CC69-4375-A399-6A346933B8CC}.Release|Any CPU.Build.0 = Release|Any CPU
		{4FA39EDB-DF38-40D5-95D7-6BAE0C8ADBCE}.Debug|Any CPU.ActiveCfg = Debug|Any CPU
		{4FA39EDB-DF38-40D5-95D7-6BAE0C8ADBCE}.Debug|Any CPU.Build.0 = Debug|Any CPU
		{4FA39EDB-DF38-40D5-95D7-6BAE0C8ADBCE}.Release|Any CPU.ActiveCfg = Release|Any CPU
		{4FA39EDB-DF38-40D5-95D7-6BAE0C8ADBCE}.Release|Any CPU.Build.0 = Release|Any CPU
		{7DE3763F-8241-4B54-810B-0C667BDB7C1D}.Debug|Any CPU.ActiveCfg = Debug|Any CPU
		{7DE3763F-8241-4B54-810B-0C667BDB7C1D}.Debug|Any CPU.Build.0 = Debug|Any CPU
		{7DE3763F-8241-4B54-810B-0C667BDB7C1D}.Release|Any CPU.ActiveCfg = Release|Any CPU
		{7DE3763F-8241-4B54-810B-0C667BDB7C1D}.Release|Any CPU.Build.0 = Release|Any CPU
		{52007241-A67F-4BD0-9BDF-4E9E7005A8E2}.Debug|Any CPU.ActiveCfg = Debug|Any CPU
		{52007241-A67F-4BD0-9BDF-4E9E7005A8E2}.Debug|Any CPU.Build.0 = Debug|Any CPU
		{52007241-A67F-4BD0-9BDF-4E9E7005A8E2}.Release|Any CPU.ActiveCfg = Release|Any CPU
		{52007241-A67F-4BD0-9BDF-4E9E7005A8E2}.Release|Any CPU.Build.0 = Release|Any CPU
		{294BEB6D-00B6-46CB-BE70-2672052C4993}.Debug|Any CPU.ActiveCfg = Debug|Any CPU
		{294BEB6D-00B6-46CB-BE70-2672052C4993}.Debug|Any CPU.Build.0 = Debug|Any CPU
		{294BEB6D-00B6-46CB-BE70-2672052C4993}.Debug|Any CPU.Deploy.0 = Debug|Any CPU
		{294BEB6D-00B6-46CB-BE70-2672052C4993}.Release|Any CPU.ActiveCfg = Release|Any CPU
		{294BEB6D-00B6-46CB-BE70-2672052C4993}.Release|Any CPU.Build.0 = Release|Any CPU
		{294BEB6D-00B6-46CB-BE70-2672052C4993}.Release|Any CPU.Deploy.0 = Release|Any CPU
	EndGlobalSection
	GlobalSection(SolutionProperties) = preSolution
		HideSolutionNode = FALSE
	EndGlobalSection
	GlobalSection(ExtensibilityGlobals) = postSolution
		SolutionGuid = {070CD6BE-2B38-484B-A778-B4DC5585AC28}
	EndGlobalSection
EndGlobal
